// !$*UTF8*$!
{
	archiveVersion = 1;
	classes = {
	};
	objectVersion = 55;
	objects = {

/* Begin PBXBuildFile section */
		9047EA5728B6937500E1436F /* AppDelegate.swift in Sources */ = {isa = PBXBuildFile; fileRef = 9047EA5628B6937500E1436F /* AppDelegate.swift */; };
		9047EA5928B6937500E1436F /* SceneDelegate.swift in Sources */ = {isa = PBXBuildFile; fileRef = 9047EA5828B6937500E1436F /* SceneDelegate.swift */; };
		9047EA5B28B6937500E1436F /* ViewController.swift in Sources */ = {isa = PBXBuildFile; fileRef = 9047EA5A28B6937500E1436F /* ViewController.swift */; };
		9047EA5E28B6937500E1436F /* Main.storyboard in Resources */ = {isa = PBXBuildFile; fileRef = 9047EA5C28B6937500E1436F /* Main.storyboard */; };
		9047EA6028B6937700E1436F /* Assets.xcassets in Resources */ = {isa = PBXBuildFile; fileRef = 9047EA5F28B6937700E1436F /* Assets.xcassets */; };
		9047EA6328B6937700E1436F /* LaunchScreen.storyboard in Resources */ = {isa = PBXBuildFile; fileRef = 9047EA6128B6937700E1436F /* LaunchScreen.storyboard */; };
		9047EA6E28B6937700E1436F /* Desafio_PiadasAPITests.swift in Sources */ = {isa = PBXBuildFile; fileRef = 9047EA6D28B6937700E1436F /* Desafio_PiadasAPITests.swift */; };
		9047EA7828B6937700E1436F /* Desafio_PiadasAPIUITests.swift in Sources */ = {isa = PBXBuildFile; fileRef = 9047EA7728B6937700E1436F /* Desafio_PiadasAPIUITests.swift */; };
		9047EA7A28B6937700E1436F /* Desafio_PiadasAPIUITestsLaunchTests.swift in Sources */ = {isa = PBXBuildFile; fileRef = 9047EA7928B6937700E1436F /* Desafio_PiadasAPIUITestsLaunchTests.swift */; };
/* End PBXBuildFile section */

/* Begin PBXContainerItemProxy section */
		9047EA6A28B6937700E1436F /* PBXContainerItemProxy */ = {
			isa = PBXContainerItemProxy;
			containerPortal = 9047EA4B28B6937500E1436F /* Project object */;
			proxyType = 1;
			remoteGlobalIDString = 9047EA5228B6937500E1436F;
			remoteInfo = Desafio_PiadasAPI;
		};
		9047EA7428B6937700E1436F /* PBXContainerItemProxy */ = {
			isa = PBXContainerItemProxy;
			containerPortal = 9047EA4B28B6937500E1436F /* Project object */;
			proxyType = 1;
			remoteGlobalIDString = 9047EA5228B6937500E1436F;
			remoteInfo = Desafio_PiadasAPI;
		};
/* End PBXContainerItemProxy section */

/* Begin PBXFileReference section */
		9047EA5328B6937500E1436F /* Desafio_PiadasAPI.app */ = {isa = PBXFileReference; explicitFileType = wrapper.application; includeInIndex = 0; path = Desafio_PiadasAPI.app; sourceTree = BUILT_PRODUCTS_DIR; };
		9047EA5628B6937500E1436F /* AppDelegate.swift */ = {isa = PBXFileReference; lastKnownFileType = sourcecode.swift; path = AppDelegate.swift; sourceTree = "<group>"; };
		9047EA5828B6937500E1436F /* SceneDelegate.swift */ = {isa = PBXFileReference; lastKnownFileType = sourcecode.swift; path = SceneDelegate.swift; sourceTree = "<group>"; };
		9047EA5A28B6937500E1436F /* ViewController.swift */ = {isa = PBXFileReference; lastKnownFileType = sourcecode.swift; path = ViewController.swift; sourceTree = "<group>"; };
		9047EA5D28B6937500E1436F /* Base */ = {isa = PBXFileReference; lastKnownFileType = file.storyboard; name = Base; path = Base.lproj/Main.storyboard; sourceTree = "<group>"; };
		9047EA5F28B6937700E1436F /* Assets.xcassets */ = {isa = PBXFileReference; lastKnownFileType = folder.assetcatalog; path = Assets.xcassets; sourceTree = "<group>"; };
		9047EA6228B6937700E1436F /* Base */ = {isa = PBXFileReference; lastKnownFileType = file.storyboard; name = Base; path = Base.lproj/LaunchScreen.storyboard; sourceTree = "<group>"; };
		9047EA6428B6937700E1436F /* Info.plist */ = {isa = PBXFileReference; lastKnownFileType = text.plist.xml; path = Info.plist; sourceTree = "<group>"; };
		9047EA6928B6937700E1436F /* Desafio_PiadasAPITests.xctest */ = {isa = PBXFileReference; explicitFileType = wrapper.cfbundle; includeInIndex = 0; path = Desafio_PiadasAPITests.xctest; sourceTree = BUILT_PRODUCTS_DIR; };
		9047EA6D28B6937700E1436F /* Desafio_PiadasAPITests.swift */ = {isa = PBXFileReference; lastKnownFileType = sourcecode.swift; path = Desafio_PiadasAPITests.swift; sourceTree = "<group>"; };
		9047EA7328B6937700E1436F /* Desafio_PiadasAPIUITests.xctest */ = {isa = PBXFileReference; explicitFileType = wrapper.cfbundle; includeInIndex = 0; path = Desafio_PiadasAPIUITests.xctest; sourceTree = BUILT_PRODUCTS_DIR; };
		9047EA7728B6937700E1436F /* Desafio_PiadasAPIUITests.swift */ = {isa = PBXFileReference; lastKnownFileType = sourcecode.swift; path = Desafio_PiadasAPIUITests.swift; sourceTree = "<group>"; };
		9047EA7928B6937700E1436F /* Desafio_PiadasAPIUITestsLaunchTests.swift */ = {isa = PBXFileReference; lastKnownFileType = sourcecode.swift; path = Desafio_PiadasAPIUITestsLaunchTests.swift; sourceTree = "<group>"; };
/* End PBXFileReference section */

/* Begin PBXFrameworksBuildPhase section */
		9047EA5028B6937500E1436F /* Frameworks */ = {
			isa = PBXFrameworksBuildPhase;
			buildActionMask = 2147483647;
			files = (
			);
			runOnlyForDeploymentPostprocessing = 0;
		};
		9047EA6628B6937700E1436F /* Frameworks */ = {
			isa = PBXFrameworksBuildPhase;
			buildActionMask = 2147483647;
			files = (
			);
			runOnlyForDeploymentPostprocessing = 0;
		};
		9047EA7028B6937700E1436F /* Frameworks */ = {
			isa = PBXFrameworksBuildPhase;
			buildActionMask = 2147483647;
			files = (
			);
			runOnlyForDeploymentPostprocessing = 0;
		};
/* End PBXFrameworksBuildPhase section */

/* Begin PBXGroup section */
		9047EA4A28B6937500E1436F = {
			isa = PBXGroup;
			children = (
				9047EA5528B6937500E1436F /* Desafio_PiadasAPI */,
				9047EA6C28B6937700E1436F /* Desafio_PiadasAPITests */,
				9047EA7628B6937700E1436F /* Desafio_PiadasAPIUITests */,
				9047EA5428B6937500E1436F /* Products */,
			);
			sourceTree = "<group>";
		};
		9047EA5428B6937500E1436F /* Products */ = {
			isa = PBXGroup;
			children = (
				9047EA5328B6937500E1436F /* Desafio_PiadasAPI.app */,
				9047EA6928B6937700E1436F /* Desafio_PiadasAPITests.xctest */,
				9047EA7328B6937700E1436F /* Desafio_PiadasAPIUITests.xctest */,
			);
			name = Products;
			sourceTree = "<group>";
		};
		9047EA5528B6937500E1436F /* Desafio_PiadasAPI */ = {
			isa = PBXGroup;
			children = (
				9047EA5628B6937500E1436F /* AppDelegate.swift */,
				9047EA5828B6937500E1436F /* SceneDelegate.swift */,
				9047EA5A28B6937500E1436F /* ViewController.swift */,
				9047EA5C28B6937500E1436F /* Main.storyboard */,
				9047EA5F28B6937700E1436F /* Assets.xcassets */,
				9047EA6128B6937700E1436F /* LaunchScreen.storyboard */,
				9047EA6428B6937700E1436F /* Info.plist */,
			);
			path = Desafio_PiadasAPI;
			sourceTree = "<group>";
		};
		9047EA6C28B6937700E1436F /* Desafio_PiadasAPITests */ = {
			isa = PBXGroup;
			children = (
				9047EA6D28B6937700E1436F /* Desafio_PiadasAPITests.swift */,
			);
			path = Desafio_PiadasAPITests;
			sourceTree = "<group>";
		};
		9047EA7628B6937700E1436F /* Desafio_PiadasAPIUITests */ = {
			isa = PBXGroup;
			children = (
				9047EA7728B6937700E1436F /* Desafio_PiadasAPIUITests.swift */,
				9047EA7928B6937700E1436F /* Desafio_PiadasAPIUITestsLaunchTests.swift */,
			);
			path = Desafio_PiadasAPIUITests;
			sourceTree = "<group>";
		};
/* End PBXGroup section */

/* Begin PBXNativeTarget section */
		9047EA5228B6937500E1436F /* Desafio_PiadasAPI */ = {
			isa = PBXNativeTarget;
			buildConfigurationList = 9047EA7D28B6937700E1436F /* Build configuration list for PBXNativeTarget "Desafio_PiadasAPI" */;
			buildPhases = (
				9047EA4F28B6937500E1436F /* Sources */,
				9047EA5028B6937500E1436F /* Frameworks */,
				9047EA5128B6937500E1436F /* Resources */,
			);
			buildRules = (
			);
			dependencies = (
			);
			name = Desafio_PiadasAPI;
			productName = Desafio_PiadasAPI;
			productReference = 9047EA5328B6937500E1436F /* Desafio_PiadasAPI.app */;
			productType = "com.apple.product-type.application";
		};
		9047EA6828B6937700E1436F /* Desafio_PiadasAPITests */ = {
			isa = PBXNativeTarget;
			buildConfigurationList = 9047EA8028B6937700E1436F /* Build configuration list for PBXNativeTarget "Desafio_PiadasAPITests" */;
			buildPhases = (
				9047EA6528B6937700E1436F /* Sources */,
				9047EA6628B6937700E1436F /* Frameworks */,
				9047EA6728B6937700E1436F /* Resources */,
			);
			buildRules = (
			);
			dependencies = (
				9047EA6B28B6937700E1436F /* PBXTargetDependency */,
			);
			name = Desafio_PiadasAPITests;
			productName = Desafio_PiadasAPITests;
			productReference = 9047EA6928B6937700E1436F /* Desafio_PiadasAPITests.xctest */;
			productType = "com.apple.product-type.bundle.unit-test";
		};
		9047EA7228B6937700E1436F /* Desafio_PiadasAPIUITests */ = {
			isa = PBXNativeTarget;
			buildConfigurationList = 9047EA8328B6937700E1436F /* Build configuration list for PBXNativeTarget "Desafio_PiadasAPIUITests" */;
			buildPhases = (
				9047EA6F28B6937700E1436F /* Sources */,
				9047EA7028B6937700E1436F /* Frameworks */,
				9047EA7128B6937700E1436F /* Resources */,
			);
			buildRules = (
			);
			dependencies = (
				9047EA7528B6937700E1436F /* PBXTargetDependency */,
			);
			name = Desafio_PiadasAPIUITests;
			productName = Desafio_PiadasAPIUITests;
			productReference = 9047EA7328B6937700E1436F /* Desafio_PiadasAPIUITests.xctest */;
			productType = "com.apple.product-type.bundle.ui-testing";
		};
/* End PBXNativeTarget section */

/* Begin PBXProject section */
		9047EA4B28B6937500E1436F /* Project object */ = {
			isa = PBXProject;
			attributes = {
				BuildIndependentTargetsInParallel = 1;
				LastSwiftUpdateCheck = 1340;
				LastUpgradeCheck = 1340;
				TargetAttributes = {
					9047EA5228B6937500E1436F = {
						CreatedOnToolsVersion = 13.4.1;
					};
					9047EA6828B6937700E1436F = {
						CreatedOnToolsVersion = 13.4.1;
						TestTargetID = 9047EA5228B6937500E1436F;
					};
					9047EA7228B6937700E1436F = {
						CreatedOnToolsVersion = 13.4.1;
						TestTargetID = 9047EA5228B6937500E1436F;
					};
				};
			};
			buildConfigurationList = 9047EA4E28B6937500E1436F /* Build configuration list for PBXProject "Desafio_PiadasAPI" */;
			compatibilityVersion = "Xcode 13.0";
			developmentRegion = en;
			hasScannedForEncodings = 0;
			knownRegions = (
				en,
				Base,
			);
			mainGroup = 9047EA4A28B6937500E1436F;
			productRefGroup = 9047EA5428B6937500E1436F /* Products */;
			projectDirPath = "";
			projectRoot = "";
			targets = (
				9047EA5228B6937500E1436F /* Desafio_PiadasAPI */,
				9047EA6828B6937700E1436F /* Desafio_PiadasAPITests */,
				9047EA7228B6937700E1436F /* Desafio_PiadasAPIUITests */,
			);
		};
/* End PBXProject section */

/* Begin PBXResourcesBuildPhase section */
		9047EA5128B6937500E1436F /* Resources */ = {
			isa = PBXResourcesBuildPhase;
			buildActionMask = 2147483647;
			files = (
				9047EA6328B6937700E1436F /* LaunchScreen.storyboard in Resources */,
				9047EA6028B6937700E1436F /* Assets.xcassets in Resources */,
				9047EA5E28B6937500E1436F /* Main.storyboard in Resources */,
			);
			runOnlyForDeploymentPostprocessing = 0;
		};
		9047EA6728B6937700E1436F /* Resources */ = {
			isa = PBXResourcesBuildPhase;
			buildActionMask = 2147483647;
			files = (
			);
			runOnlyForDeploymentPostprocessing = 0;
		};
		9047EA7128B6937700E1436F /* Resources */ = {
			isa = PBXResourcesBuildPhase;
			buildActionMask = 2147483647;
			files = (
			);
			runOnlyForDeploymentPostprocessing = 0;
		};
/* End PBXResourcesBuildPhase section */

/* Begin PBXSourcesBuildPhase section */
		9047EA4F28B6937500E1436F /* Sources */ = {
			isa = PBXSourcesBuildPhase;
			buildActionMask = 2147483647;
			files = (
				9047EA5B28B6937500E1436F /* ViewController.swift in Sources */,
				9047EA5728B6937500E1436F /* AppDelegate.swift in Sources */,
				9047EA5928B6937500E1436F /* SceneDelegate.swift in Sources */,
			);
			runOnlyForDeploymentPostprocessing = 0;
		};
		9047EA6528B6937700E1436F /* Sources */ = {
			isa = PBXSourcesBuildPhase;
			buildActionMask = 2147483647;
			files = (
				9047EA6E28B6937700E1436F /* Desafio_PiadasAPITests.swift in Sources */,
			);
			runOnlyForDeploymentPostprocessing = 0;
		};
		9047EA6F28B6937700E1436F /* Sources */ = {
			isa = PBXSourcesBuildPhase;
			buildActionMask = 2147483647;
			files = (
				9047EA7828B6937700E1436F /* Desafio_PiadasAPIUITests.swift in Sources */,
				9047EA7A28B6937700E1436F /* Desafio_PiadasAPIUITestsLaunchTests.swift in Sources */,
			);
			runOnlyForDeploymentPostprocessing = 0;
		};
/* End PBXSourcesBuildPhase section */

/* Begin PBXTargetDependency section */
		9047EA6B28B6937700E1436F /* PBXTargetDependency */ = {
			isa = PBXTargetDependency;
			target = 9047EA5228B6937500E1436F /* Desafio_PiadasAPI */;
			targetProxy = 9047EA6A28B6937700E1436F /* PBXContainerItemProxy */;
		};
		9047EA7528B6937700E1436F /* PBXTargetDependency */ = {
			isa = PBXTargetDependency;
			target = 9047EA5228B6937500E1436F /* Desafio_PiadasAPI */;
			targetProxy = 9047EA7428B6937700E1436F /* PBXContainerItemProxy */;
		};
/* End PBXTargetDependency section */

/* Begin PBXVariantGroup section */
		9047EA5C28B6937500E1436F /* Main.storyboard */ = {
			isa = PBXVariantGroup;
			children = (
				9047EA5D28B6937500E1436F /* Base */,
			);
			name = Main.storyboard;
			sourceTree = "<group>";
		};
		9047EA6128B6937700E1436F /* LaunchScreen.storyboard */ = {
			isa = PBXVariantGroup;
			children = (
				9047EA6228B6937700E1436F /* Base */,
			);
			name = LaunchScreen.storyboard;
			sourceTree = "<group>";
		};
/* End PBXVariantGroup section */

/* Begin XCBuildConfiguration section */
		9047EA7B28B6937700E1436F /* Debug */ = {
			isa = XCBuildConfiguration;
			buildSettings = {
				ALWAYS_SEARCH_USER_PATHS = NO;
				CLANG_ANALYZER_NONNULL = YES;
				CLANG_ANALYZER_NUMBER_OBJECT_CONVERSION = YES_AGGRESSIVE;
				CLANG_CXX_LANGUAGE_STANDARD = "gnu++17";
				CLANG_ENABLE_MODULES = YES;
				CLANG_ENABLE_OBJC_ARC = YES;
				CLANG_ENABLE_OBJC_WEAK = YES;
				CLANG_WARN_BLOCK_CAPTURE_AUTORELEASING = YES;
				CLANG_WARN_BOOL_CONVERSION = YES;
				CLANG_WARN_COMMA = YES;
				CLANG_WARN_CONSTANT_CONVERSION = YES;
				CLANG_WARN_DEPRECATED_OBJC_IMPLEMENTATIONS = YES;
				CLANG_WARN_DIRECT_OBJC_ISA_USAGE = YES_ERROR;
				CLANG_WARN_DOCUMENTATION_COMMENTS = YES;
				CLANG_WARN_EMPTY_BODY = YES;
				CLANG_WARN_ENUM_CONVERSION = YES;
				CLANG_WARN_INFINITE_RECURSION = YES;
				CLANG_WARN_INT_CONVERSION = YES;
				CLANG_WARN_NON_LITERAL_NULL_CONVERSION = YES;
				CLANG_WARN_OBJC_IMPLICIT_RETAIN_SELF = YES;
				CLANG_WARN_OBJC_LITERAL_CONVERSION = YES;
				CLANG_WARN_OBJC_ROOT_CLASS = YES_ERROR;
				CLANG_WARN_QUOTED_INCLUDE_IN_FRAMEWORK_HEADER = YES;
				CLANG_WARN_RANGE_LOOP_ANALYSIS = YES;
				CLANG_WARN_STRICT_PROTOTYPES = YES;
				CLANG_WARN_SUSPICIOUS_MOVE = YES;
				CLANG_WARN_UNGUARDED_AVAILABILITY = YES_AGGRESSIVE;
				CLANG_WARN_UNREACHABLE_CODE = YES;
				CLANG_WARN__DUPLICATE_METHOD_MATCH = YES;
				COPY_PHASE_STRIP = NO;
				DEBUG_INFORMATION_FORMAT = dwarf;
				ENABLE_STRICT_OBJC_MSGSEND = YES;
				ENABLE_TESTABILITY = YES;
				GCC_C_LANGUAGE_STANDARD = gnu11;
				GCC_DYNAMIC_NO_PIC = NO;
				GCC_NO_COMMON_BLOCKS = YES;
				GCC_OPTIMIZATION_LEVEL = 0;
				GCC_PREPROCESSOR_DEFINITIONS = (
					"DEBUG=1",
					"$(inherited)",
				);
				GCC_WARN_64_TO_32_BIT_CONVERSION = YES;
				GCC_WARN_ABOUT_RETURN_TYPE = YES_ERROR;
				GCC_WARN_UNDECLARED_SELECTOR = YES;
				GCC_WARN_UNINITIALIZED_AUTOS = YES_AGGRESSIVE;
				GCC_WARN_UNUSED_FUNCTION = YES;
				GCC_WARN_UNUSED_VARIABLE = YES;
				IPHONEOS_DEPLOYMENT_TARGET = 15.5;
				MTL_ENABLE_DEBUG_INFO = INCLUDE_SOURCE;
				MTL_FAST_MATH = YES;
				ONLY_ACTIVE_ARCH = YES;
				SDKROOT = iphoneos;
				SWIFT_ACTIVE_COMPILATION_CONDITIONS = DEBUG;
				SWIFT_OPTIMIZATION_LEVEL = "-Onone";
			};
			name = Debug;
		};
		9047EA7C28B6937700E1436F /* Release */ = {
			isa = XCBuildConfiguration;
			buildSettings = {
				ALWAYS_SEARCH_USER_PATHS = NO;
				CLANG_ANALYZER_NONNULL = YES;
				CLANG_ANALYZER_NUMBER_OBJECT_CONVERSION = YES_AGGRESSIVE;
				CLANG_CXX_LANGUAGE_STANDARD = "gnu++17";
				CLANG_ENABLE_MODULES = YES;
				CLANG_ENABLE_OBJC_ARC = YES;
				CLANG_ENABLE_OBJC_WEAK = YES;
				CLANG_WARN_BLOCK_CAPTURE_AUTORELEASING = YES;
				CLANG_WARN_BOOL_CONVERSION = YES;
				CLANG_WARN_COMMA = YES;
				CLANG_WARN_CONSTANT_CONVERSION = YES;
				CLANG_WARN_DEPRECATED_OBJC_IMPLEMENTATIONS = YES;
				CLANG_WARN_DIRECT_OBJC_ISA_USAGE = YES_ERROR;
				CLANG_WARN_DOCUMENTATION_COMMENTS = YES;
				CLANG_WARN_EMPTY_BODY = YES;
				CLANG_WARN_ENUM_CONVERSION = YES;
				CLANG_WARN_INFINITE_RECURSION = YES;
				CLANG_WARN_INT_CONVERSION = YES;
				CLANG_WARN_NON_LITERAL_NULL_CONVERSION = YES;
				CLANG_WARN_OBJC_IMPLICIT_RETAIN_SELF = YES;
				CLANG_WARN_OBJC_LITERAL_CONVERSION = YES;
				CLANG_WARN_OBJC_ROOT_CLASS = YES_ERROR;
				CLANG_WARN_QUOTED_INCLUDE_IN_FRAMEWORK_HEADER = YES;
				CLANG_WARN_RANGE_LOOP_ANALYSIS = YES;
				CLANG_WARN_STRICT_PROTOTYPES = YES;
				CLANG_WARN_SUSPICIOUS_MOVE = YES;
				CLANG_WARN_UNGUARDED_AVAILABILITY = YES_AGGRESSIVE;
				CLANG_WARN_UNREACHABLE_CODE = YES;
				CLANG_WARN__DUPLICATE_METHOD_MATCH = YES;
				COPY_PHASE_STRIP = NO;
				DEBUG_INFORMATION_FORMAT = "dwarf-with-dsym";
				ENABLE_NS_ASSERTIONS = NO;
				ENABLE_STRICT_OBJC_MSGSEND = YES;
				GCC_C_LANGUAGE_STANDARD = gnu11;
				GCC_NO_COMMON_BLOCKS = YES;
				GCC_WARN_64_TO_32_BIT_CONVERSION = YES;
				GCC_WARN_ABOUT_RETURN_TYPE = YES_ERROR;
				GCC_WARN_UNDECLARED_SELECTOR = YES;
				GCC_WARN_UNINITIALIZED_AUTOS = YES_AGGRESSIVE;
				GCC_WARN_UNUSED_FUNCTION = YES;
				GCC_WARN_UNUSED_VARIABLE = YES;
				IPHONEOS_DEPLOYMENT_TARGET = 15.5;
				MTL_ENABLE_DEBUG_INFO = NO;
				MTL_FAST_MATH = YES;
				SDKROOT = iphoneos;
				SWIFT_COMPILATION_MODE = wholemodule;
				SWIFT_OPTIMIZATION_LEVEL = "-O";
				VALIDATE_PRODUCT = YES;
			};
			name = Release;
		};
		9047EA7E28B6937700E1436F /* Debug */ = {
			isa = XCBuildConfiguration;
			buildSettings = {
				ASSETCATALOG_COMPILER_APPICON_NAME = AppIcon;
				ASSETCATALOG_COMPILER_GLOBAL_ACCENT_COLOR_NAME = AccentColor;
				CODE_SIGN_STYLE = Automatic;
				CURRENT_PROJECT_VERSION = 1;
				GENERATE_INFOPLIST_FILE = YES;
				INFOPLIST_FILE = Desafio_PiadasAPI/Info.plist;
				INFOPLIST_KEY_UIApplicationSupportsIndirectInputEvents = YES;
				INFOPLIST_KEY_UILaunchStoryboardName = LaunchScreen;
				INFOPLIST_KEY_UIMainStoryboardFile = Main;
				INFOPLIST_KEY_UISupportedInterfaceOrientations_iPad = "UIInterfaceOrientationPortrait UIInterfaceOrientationPortraitUpsideDown UIInterfaceOrientationLandscapeLeft UIInterfaceOrientationLandscapeRight";
				INFOPLIST_KEY_UISupportedInterfaceOrientations_iPhone = "UIInterfaceOrientationPortrait UIInterfaceOrientationLandscapeLeft UIInterfaceOrientationLandscapeRight";
				LD_RUNPATH_SEARCH_PATHS = (
					"$(inherited)",
					"@executable_path/Frameworks",
				);
				MARKETING_VERSION = 1.0;
				PRODUCT_BUNDLE_IDENTIFIER = "NETWORK.Desafio-PiadasAPI";
				PRODUCT_NAME = "$(TARGET_NAME)";
				SWIFT_EMIT_LOC_STRINGS = YES;
				SWIFT_VERSION = 5.0;
				TARGETED_DEVICE_FAMILY = "1,2";
			};
			name = Debug;
		};
		9047EA7F28B6937700E1436F /* Release */ = {
			isa = XCBuildConfiguration;
			buildSettings = {
				ASSETCATALOG_COMPILER_APPICON_NAME = AppIcon;
				ASSETCATALOG_COMPILER_GLOBAL_ACCENT_COLOR_NAME = AccentColor;
				CODE_SIGN_STYLE = Automatic;
				CURRENT_PROJECT_VERSION = 1;
				GENERATE_INFOPLIST_FILE = YES;
				INFOPLIST_FILE = Desafio_PiadasAPI/Info.plist;
				INFOPLIST_KEY_UIApplicationSupportsIndirectInputEvents = YES;
				INFOPLIST_KEY_UILaunchStoryboardName = LaunchScreen;
				INFOPLIST_KEY_UIMainStoryboardFile = Main;
				INFOPLIST_KEY_UISupportedInterfaceOrientations_iPad = "UIInterfaceOrientationPortrait UIInterfaceOrientationPortraitUpsideDown UIInterfaceOrientationLandscapeLeft UIInterfaceOrientationLandscapeRight";
				INFOPLIST_KEY_UISupportedInterfaceOrientations_iPhone = "UIInterfaceOrientationPortrait UIInterfaceOrientationLandscapeLeft UIInterfaceOrientationLandscapeRight";
				LD_RUNPATH_SEARCH_PATHS = (
					"$(inherited)",
					"@executable_path/Frameworks",
				);
				MARKETING_VERSION = 1.0;
				PRODUCT_BUNDLE_IDENTIFIER = "NETWORK.Desafio-PiadasAPI";
				PRODUCT_NAME = "$(TARGET_NAME)";
				SWIFT_EMIT_LOC_STRINGS = YES;
				SWIFT_VERSION = 5.0;
				TARGETED_DEVICE_FAMILY = "1,2";
			};
			name = Release;
		};
		9047EA8128B6937700E1436F /* Debug */ = {
			isa = XCBuildConfiguration;
			buildSettings = {
				ALWAYS_EMBED_SWIFT_STANDARD_LIBRARIES = YES;
				BUNDLE_LOADER = "$(TEST_HOST)";
				CODE_SIGN_STYLE = Automatic;
				CURRENT_PROJECT_VERSION = 1;
				GENERATE_INFOPLIST_FILE = YES;
				IPHONEOS_DEPLOYMENT_TARGET = 15.5;
				MARKETING_VERSION = 1.0;
				PRODUCT_BUNDLE_IDENTIFIER = "NETWORK.Desafio-PiadasAPITests";
				PRODUCT_NAME = "$(TARGET_NAME)";
				SWIFT_EMIT_LOC_STRINGS = NO;
				SWIFT_VERSION = 5.0;
				TARGETED_DEVICE_FAMILY = "1,2";
				TEST_HOST = "$(BUILT_PRODUCTS_DIR)/Desafio_PiadasAPI.app/Desafio_PiadasAPI";
			};
			name = Debug;
		};
		9047EA8228B6937700E1436F /* Release */ = {
			isa = XCBuildConfiguration;
			buildSettings = {
				ALWAYS_EMBED_SWIFT_STANDARD_LIBRARIES = YES;
				BUNDLE_LOADER = "$(TEST_HOST)";
				CODE_SIGN_STYLE = Automatic;
				CURRENT_PROJECT_VERSION = 1;
				GENERATE_INFOPLIST_FILE = YES;
				IPHONEOS_DEPLOYMENT_TARGET = 15.5;
				MARKETING_VERSION = 1.0;
				PRODUCT_BUNDLE_IDENTIFIER = "NETWORK.Desafio-PiadasAPITests";
				PRODUCT_NAME = "$(TARGET_NAME)";
				SWIFT_EMIT_LOC_STRINGS = NO;
				SWIFT_VERSION = 5.0;
				TARGETED_DEVICE_FAMILY = "1,2";
				TEST_HOST = "$(BUILT_PRODUCTS_DIR)/Desafio_PiadasAPI.app/Desafio_PiadasAPI";
			};
			name = Release;
		};
		9047EA8428B6937700E1436F /* Debug */ = {
			isa = XCBuildConfiguration;
			buildSettings = {
				ALWAYS_EMBED_SWIFT_STANDARD_LIBRARIES = YES;
				CODE_SIGN_STYLE = Automatic;
				CURRENT_PROJECT_VERSION = 1;
				GENERATE_INFOPLIST_FILE = YES;
				MARKETING_VERSION = 1.0;
				PRODUCT_BUNDLE_IDENTIFIER = "NETWORK.Desafio-PiadasAPIUITests";
				PRODUCT_NAME = "$(TARGET_NAME)";
				SWIFT_EMIT_LOC_STRINGS = NO;
				SWIFT_VERSION = 5.0;
				TARGETED_DEVICE_FAMILY = "1,2";
				TEST_TARGET_NAME = Desafio_PiadasAPI;
			};
			name = Debug;
		};
		9047EA8528B6937700E1436F /* Release */ = {
			isa = XCBuildConfiguration;
			buildSettings = {
				ALWAYS_EMBED_SWIFT_STANDARD_LIBRARIES = YES;
				CODE_SIGN_STYLE = Automatic;
				CURRENT_PROJECT_VERSION = 1;
				GENERATE_INFOPLIST_FILE = YES;
				MARKETING_VERSION = 1.0;
				PRODUCT_BUNDLE_IDENTIFIER = "NETWORK.Desafio-PiadasAPIUITests";
				PRODUCT_NAME = "$(TARGET_NAME)";
				SWIFT_EMIT_LOC_STRINGS = NO;
				SWIFT_VERSION = 5.0;
				TARGETED_DEVICE_FAMILY = "1,2";
				TEST_TARGET_NAME = Desafio_PiadasAPI;
			};
			name = Release;
		};
/* End XCBuildConfiguration section */

/* Begin XCConfigurationList section */
		9047EA4E28B6937500E1436F /* Build configuration list for PBXProject "Desafio_PiadasAPI" */ = {
			isa = XCConfigurationList;
			buildConfigurations = (
				9047EA7B28B6937700E1436F /* Debug */,
				9047EA7C28B6937700E1436F /* Release */,
			);
			defaultConfigurationIsVisible = 0;
			defaultConfigurationName = Release;
		};
		9047EA7D28B6937700E1436F /* Build configuration list for PBXNativeTarget "Desafio_PiadasAPI" */ = {
			isa = XCConfigurationList;
			buildConfigurations = (
				9047EA7E28B6937700E1436F /* Debug */,
				9047EA7F28B6937700E1436F /* Release */,
			);
			defaultConfigurationIsVisible = 0;
			defaultConfigurationName = Release;
		};
		9047EA8028B6937700E1436F /* Build configuration list for PBXNativeTarget "Desafio_PiadasAPITests" */ = {
			isa = XCConfigurationList;
			buildConfigurations = (
				9047EA8128B6937700E1436F /* Debug */,
				9047EA8228B6937700E1436F /* Release */,
			);
			defaultConfigurationIsVisible = 0;
			defaultConfigurationName = Release;
		};
		9047EA8328B6937700E1436F /* Build configuration list for PBXNativeTarget "Desafio_PiadasAPIUITests" */ = {
			isa = XCConfigurationList;
			buildConfigurations = (
				9047EA8428B6937700E1436F /* Debug */,
				9047EA8528B6937700E1436F /* Release */,
			);
			defaultConfigurationIsVisible = 0;
			defaultConfigurationName = Release;
		};
/* End XCConfigurationList section */
	};
	rootObject = 9047EA4B28B6937500E1436F /* Project object */;
}
